
Microsoft Visual Studio Solution File, Format Version 12.00
# Visual Studio Version 17
VisualStudioVersion = 17.10.35122.118
MinimumVisualStudioVersion = 10.0.40219.1
Project("{FAE04EC0-301F-11D3-BF4B-00C04F79EFBC}") = "CleanArchitecture.API", "CleanArchitecture.API\CleanArchitecture.API.csproj", "{DCF0AAE5-C115-463B-8D54-8E0511570546}"
EndProject
Project("{FAE04EC0-301F-11D3-BF4B-00C04F79EFBC}") = "CleanArchitecture.Domain", "CleanArchitecture.Domain\CleanArchitecture.Domain.csproj", "{2C8E8B93-54F4-4C34-827E-F33F8C632817}"
EndProject
Project("{FAE04EC0-301F-11D3-BF4B-00C04F79EFBC}") = "CleanArchitecture.Application", "CleanArchitecture.Application\CleanArchitecture.Application.csproj", "{3BD871FA-9D50-4D02-9217-CB39F057CB5A}"
EndProject
Project("{FAE04EC0-301F-11D3-BF4B-00C04F79EFBC}") = "CleanArchitecture.Infra", "CleanArchitecture.Infra\CleanArchitecture.Infra.csproj", "{59555F41-CF04-41F2-9873-2783ED66B854}"
EndProject
Global
	GlobalSection(SolutionConfigurationPlatforms) = preSolution
		Debug|Any CPU = Debug|Any CPU
		Release|Any CPU = Release|Any CPU
	EndGlobalSection
	GlobalSection(ProjectConfigurationPlatforms) = postSolution
		{DCF0AAE5-C115-463B-8D54-8E0511570546}.Debug|Any CPU.ActiveCfg = Debug|Any CPU
		{DCF0AAE5-C115-463B-8D54-8E0511570546}.Debug|Any CPU.Build.0 = Debug|Any CPU
		{DCF0AAE5-C115-463B-8D54-8E0511570546}.Release|Any CPU.ActiveCfg = Release|Any CPU
		{DCF0AAE5-C115-463B-8D54-8E0511570546}.Release|Any CPU.Build.0 = Release|Any CPU
		{2C8E8B93-54F4-4C34-827E-F33F8C632817}.Debug|Any CPU.ActiveCfg = Debug|Any CPU
		{2C8E8B93-54F4-4C34-827E-F33F8C632817}.Debug|Any CPU.Build.0 = Debug|Any CPU
		{2C8E8B93-54F4-4C34-827E-F33F8C632817}.Release|Any CPU.ActiveCfg = Release|Any CPU
		{2C8E8B93-54F4-4C34-827E-F33F8C632817}.Release|Any CPU.Build.0 = Release|Any CPU
		{3BD871FA-9D50-4D02-9217-CB39F057CB5A}.Debug|Any CPU.ActiveCfg = Debug|Any CPU
		{3BD871FA-9D50-4D02-9217-CB39F057CB5A}.Debug|Any CPU.Build.0 = Debug|Any CPU
		{3BD871FA-9D50-4D02-9217-CB39F057CB5A}.Release|Any CPU.ActiveCfg = Release|Any CPU
		{3BD871FA-9D50-4D02-9217-CB39F057CB5A}.Release|Any CPU.Build.0 = Release|Any CPU
		{59555F41-CF04-41F2-9873-2783ED66B854}.Debug|Any CPU.ActiveCfg = Debug|Any CPU
		{59555F41-CF04-41F2-9873-2783ED66B854}.Debug|Any CPU.Build.0 = Debug|Any CPU
		{59555F41-CF04-41F2-9873-2783ED66B854}.Release|Any CPU.ActiveCfg = Release|Any CPU
		{59555F41-CF04-41F2-9873-2783ED66B854}.Release|Any CPU.Build.0 = Release|Any CPU
	EndGlobalSection
	GlobalSection(SolutionProperties) = preSolution
		HideSolutionNode = FALSE
	EndGlobalSection
	GlobalSection(ExtensibilityGlobals) = postSolution
		SolutionGuid = {DD04BF49-201A-4896-90A8-CCAA8F1C9C7C}
	EndGlobalSection
EndGlobal
